// !$*UTF8*$!
{
	archiveVersion = 1;
	classes = {
	};
	objectVersion = 46;
	objects = {

/* Begin PBXBuildFile section */
		830F17651412F4370023F07B /* lion.png in Resources */ = {isa = PBXBuildFile; fileRef = 830F17641412F4370023F07B /* lion.png */; };
		837B44D514126CA00006B498 /* UIKit.framework in Frameworks */ = {isa = PBXBuildFile; fileRef = 837B44D414126CA00006B498 /* UIKit.framework */; };
		837B44D714126CA00006B498 /* Foundation.framework in Frameworks */ = {isa = PBXBuildFile; fileRef = 837B44D614126CA00006B498 /* Foundation.framework */; };
		837B44D914126CA00006B498 /* CoreGraphics.framework in Frameworks */ = {isa = PBXBuildFile; fileRef = 837B44D814126CA00006B498 /* CoreGraphics.framework */; };
		837B44DF14126CA00006B498 /* InfoPlist.strings in Resources */ = {isa = PBXBuildFile; fileRef = 837B44DD14126CA00006B498 /* InfoPlist.strings */; };
		837B44E214126CA00006B498 /* main.m in Sources */ = {isa = PBXBuildFile; fileRef = 837B44E114126CA00006B498 /* main.m */; };
		837B44E514126CA00006B498 /* myiPhoneAppDelegate.m in Sources */ = {isa = PBXBuildFile; fileRef = 837B44E414126CA00006B498 /* myiPhoneAppDelegate.m */; };
		837B44E814126CA00006B498 /* MainWindow.xib in Resources */ = {isa = PBXBuildFile; fileRef = 837B44E614126CA00006B498 /* MainWindow.xib */; };
		8395F2A91412D39D008FBF76 /* icon.tif in Resources */ = {isa = PBXBuildFile; fileRef = 8395F2A81412D39D008FBF76 /* icon.tif */; };
/* End PBXBuildFile section */

/* Begin PBXFileReference section */
		830F17641412F4370023F07B /* lion.png */ = {isa = PBXFileReference; lastKnownFileType = image.png; path = lion.png; sourceTree = "<group>"; };
		837B44D014126CA00006B498 /* myiPhone.app */ = {isa = PBXFileReference; explicitFileType = wrapper.application; includeInIndex = 0; path = myiPhone.app; sourceTree = BUILT_PRODUCTS_DIR; };
		837B44D414126CA00006B498 /* UIKit.framework */ = {isa = PBXFileReference; lastKnownFileType = wrapper.framework; name = UIKit.framework; path = System/Library/Frameworks/UIKit.framework; sourceTree = SDKROOT; };
		837B44D614126CA00006B498 /* Foundation.framework */ = {isa = PBXFileReference; lastKnownFileType = wrapper.framework; name = Foundation.framework; path = System/Library/Frameworks/Foundation.framework; sourceTree = SDKROOT; };
		837B44D814126CA00006B498 /* CoreGraphics.framework */ = {isa = PBXFileReference; lastKnownFileType = wrapper.framework; name = CoreGraphics.framework; path = System/Library/Frameworks/CoreGraphics.framework; sourceTree = SDKROOT; };
		837B44DC14126CA00006B498 /* myiPhone-Info.plist */ = {isa = PBXFileReference; lastKnownFileType = text.plist.xml; path = "myiPhone-Info.plist"; sourceTree = "<group>"; };
		837B44DE14126CA00006B498 /* en */ = {isa = PBXFileReference; lastKnownFileType = text.plist.strings; name = en; path = en.lproj/InfoPlist.strings; sourceTree = "<group>"; };
		837B44E014126CA00006B498 /* myiPhone-Prefix.pch */ = {isa = PBXFileReference; lastKnownFileType = sourcecode.c.h; path = "myiPhone-Prefix.pch"; sourceTree = "<group>"; };
		837B44E114126CA00006B498 /* main.m */ = {isa = PBXFileReference; lastKnownFileType = sourcecode.c.objc; path = main.m; sourceTree = "<group>"; };
		837B44E314126CA00006B498 /* myiPhoneAppDelegate.h */ = {isa = PBXFileReference; lastKnownFileType = sourcecode.c.h; path = myiPhoneAppDelegate.h; sourceTree = "<group>"; };
		837B44E414126CA00006B498 /* myiPhoneAppDelegate.m */ = {isa = PBXFileReference; lastKnownFileType = sourcecode.c.objc; path = myiPhoneAppDelegate.m; sourceTree = "<group>"; };
		837B44E714126CA00006B498 /* en */ = {isa = PBXFileReference; lastKnownFileType = file.xib; name = en; path = en.lproj/MainWindow.xib; sourceTree = "<group>"; };
		8395F2A81412D39D008FBF76 /* icon.tif */ = {isa = PBXFileReference; lastKnownFileType = image.tiff; path = icon.tif; sourceTree = "<group>"; };
/* End PBXFileReference section */

/* Begin PBXFrameworksBuildPhase section */
		837B44CD14126CA00006B498 /* Frameworks */ = {
			isa = PBXFrameworksBuildPhase;
			buildActionMask = 2147483647;
			files = (
				837B44D514126CA00006B498 /* UIKit.framework in Frameworks */,
				837B44D714126CA00006B498 /* Foundation.framework in Frameworks */,
				837B44D914126CA00006B498 /* CoreGraphics.framework in Frameworks */,
			);
			runOnlyForDeploymentPostprocessing = 0;
		};
/* End PBXFrameworksBuildPhase section */

/* Begin PBXGroup section */
		837B44C514126CA00006B498 = {
			isa = PBXGroup;
			children = (
				8395F2A71412D39D008FBF76 /* images */,
				837B44DA14126CA00006B498 /* myiPhone */,
				837B44D314126CA00006B498 /* Frameworks */,
				837B44D114126CA00006B498 /* Products */,
			);
			sourceTree = "<group>";
		};
		837B44D114126CA00006B498 /* Products */ = {
			isa = PBXGroup;
			children = (
				837B44D014126CA00006B498 /* myiPhone.app */,
			);
			name = Products;
			sourceTree = "<group>";
		};
		837B44D314126CA00006B498 /* Frameworks */ = {
			isa = PBXGroup;
			children = (
				837B44D414126CA00006B498 /* UIKit.framework */,
				837B44D614126CA00006B498 /* Foundation.framework */,
				837B44D814126CA00006B498 /* CoreGraphics.framework */,
			);
			name = Frameworks;
			sourceTree = "<group>";
		};
		837B44DA14126CA00006B498 /* myiPhone */ = {
			isa = PBXGroup;
			children = (
				837B44E314126CA00006B498 /* myiPhoneAppDelegate.h */,
				837B44E414126CA00006B498 /* myiPhoneAppDelegate.m */,
				837B44E614126CA00006B498 /* MainWindow.xib */,
				837B44DB14126CA00006B498 /* Supporting Files */,
			);
			path = myiPhone;
			sourceTree = "<group>";
		};
		837B44DB14126CA00006B498 /* Supporting Files */ = {
			isa = PBXGroup;
			children = (
				837B44DC14126CA00006B498 /* myiPhone-Info.plist */,
				837B44DD14126CA00006B498 /* InfoPlist.strings */,
				837B44E014126CA00006B498 /* myiPhone-Prefix.pch */,
				837B44E114126CA00006B498 /* main.m */,
			);
			name = "Supporting Files";
			sourceTree = "<group>";
		};
		8395F2A71412D39D008FBF76 /* images */ = {
			isa = PBXGroup;
			children = (
				830F17641412F4370023F07B /* lion.png */,
				8395F2A81412D39D008FBF76 /* icon.tif */,
			);
			path = images;
			sourceTree = "<group>";
		};
/* End PBXGroup section */

/* Begin PBXNativeTarget section */
		837B44CF14126CA00006B498 /* myiPhone */ = {
			isa = PBXNativeTarget;
			buildConfigurationList = 837B44EB14126CA00006B498 /* Build configuration list for PBXNativeTarget "myiPhone" */;
			buildPhases = (
				837B44CC14126CA00006B498 /* Sources */,
				837B44CD14126CA00006B498 /* Frameworks */,
				837B44CE14126CA00006B498 /* Resources */,
			);
			buildRules = (
			);
			dependencies = (
			);
			name = myiPhone;
			productName = myiPhone;
			productReference = 837B44D014126CA00006B498 /* myiPhone.app */;
			productType = "com.apple.product-type.application";
		};
/* End PBXNativeTarget section */

/* Begin PBXProject section */
		837B44C714126CA00006B498 /* Project object */ = {
			isa = PBXProject;
			attributes = {
				ORGANIZATIONNAME = IBKSYSTEM;
			};
			buildConfigurationList = 837B44CA14126CA00006B498 /* Build configuration list for PBXProject "myiPhone" */;
			compatibilityVersion = "Xcode 3.2";
			developmentRegion = English;
			hasScannedForEncodings = 0;
			knownRegions = (
				en,
			);
			mainGroup = 837B44C514126CA00006B498;
			productRefGroup = 837B44D114126CA00006B498 /* Products */;
			projectDirPath = "";
			projectRoot = "";
			targets = (
				837B44CF14126CA00006B498 /* myiPhone */,
			);
		};
/* End PBXProject section */

/* Begin PBXResourcesBuildPhase section */
		837B44CE14126CA00006B498 /* Resources */ = {
			isa = PBXResourcesBuildPhase;
			buildActionMask = 2147483647;
			files = (
				837B44DF14126CA00006B498 /* InfoPlist.strings in Resources */,
				837B44E814126CA00006B498 /* MainWindow.xib in Resources */,
				8395F2A91412D39D008FBF76 /* icon.tif in Resources */,
				830F17651412F4370023F07B /* lion.png in Resources */,
			);
			runOnlyForDeploymentPostprocessing = 0;
		};
/* End PBXResourcesBuildPhase section */

/* Begin PBXSourcesBuildPhase section */
		837B44CC14126CA00006B498 /* Sources */ = {
			isa = PBXSourcesBuildPhase;
			buildActionMask = 2147483647;
			files = (
				837B44E214126CA00006B498 /* main.m in Sources */,
				837B44E514126CA00006B498 /* myiPhoneAppDelegate.m in Sources */,
			);
			runOnlyForDeploymentPostprocessing = 0;
		};
/* End PBXSourcesBuildPhase section */

/* Begin PBXVariantGroup section */
		837B44DD14126CA00006B498 /* InfoPlist.strings */ = {
			isa = PBXVariantGroup;
			children = (
				837B44DE14126CA00006B498 /* en */,
			);
			name = InfoPlist.strings;
			sourceTree = "<group>";
		};
		837B44E614126CA00006B498 /* MainWindow.xib */ = {
			isa = PBXVariantGroup;
			children = (
				837B44E714126CA00006B498 /* en */,
			);
			name = MainWindow.xib;
			sourceTree = "<group>";
		};
/* End PBXVariantGroup section */

/* Begin XCBuildConfiguration section */
		837B44E914126CA00006B498 /* Debug */ = {
			isa = XCBuildConfiguration;
			buildSettings = {
				ARCHS = "$(ARCHS_STANDARD_32_BIT)";
				"CODE_SIGN_IDENTITY[sdk=iphoneos*]" = "iPhone Developer";
				GCC_C_LANGUAGE_STANDARD = gnu99;
				GCC_OPTIMIZATION_LEVEL = 0;
				GCC_PREPROCESSOR_DEFINITIONS = DEBUG;
				GCC_SYMBOLS_PRIVATE_EXTERN = NO;
				GCC_VERSION = com.apple.compilers.llvmgcc42;
				GCC_WARN_ABOUT_RETURN_TYPE = YES;
				GCC_WARN_UNUSED_VARIABLE = YES;
				IPHONEOS_DEPLOYMENT_TARGET = 4.3;
				SDKROOT = iphoneos;
			};
			name = Debug;
		};
		837B44EA14126CA00006B498 /* Release */ = {
			isa = XCBuildConfiguration;
			buildSettings = {
				ARCHS = "$(ARCHS_STANDARD_32_BIT)";
				"CODE_SIGN_IDENTITY[sdk=iphoneos*]" = "iPhone Developer";
				GCC_C_LANGUAGE_STANDARD = gnu99;
				GCC_VERSION = com.apple.compilers.llvmgcc42;
				GCC_WARN_ABOUT_RETURN_TYPE = YES;
				GCC_WARN_UNUSED_VARIABLE = YES;
				IPHONEOS_DEPLOYMENT_TARGET = 4.3;
				OTHER_CFLAGS = "-DNS_BLOCK_ASSERTIONS=1";
				SDKROOT = iphoneos;
			};
			name = Release;
		};
		837B44EC14126CA00006B498 /* Debug */ = {
			isa = XCBuildConfiguration;
			buildSettings = {
				ALWAYS_SEARCH_USER_PATHS = NO;
				COPY_PHASE_STRIP = NO;
				GCC_DYNAMIC_NO_PIC = NO;
				GCC_PRECOMPILE_PREFIX_HEADER = YES;
				GCC_PREFIX_HEADER = "myiPhone/myiPhone-Prefix.pch";
				INFOPLIST_FILE = "myiPhone/myiPhone-Info.plist";
				PRODUCT_NAME = "$(TARGET_NAME)";
				WRAPPER_EXTENSION = app;
			};
			name = Debug;
		};
		837B44ED14126CA00006B498 /* Release */ = {
			isa = XCBuildConfiguration;
			buildSettings = {
				ALWAYS_SEARCH_USER_PATHS = NO;
				COPY_PHASE_STRIP = YES;
				GCC_PRECOMPILE_PREFIX_HEADER = YES;
				GCC_PREFIX_HEADER = "myiPhone/myiPhone-Prefix.pch";
				INFOPLIST_FILE = "myiPhone/myiPhone-Info.plist";
				PRODUCT_NAME = "$(TARGET_NAME)";
				VALIDATE_PRODUCT = YES;
				WRAPPER_EXTENSION = app;
			};
			name = Release;
		};
/* End XCBuildConfiguration section */

/* Begin XCConfigurationList section */
		837B44CA14126CA00006B498 /* Build configuration list for PBXProject "myiPhone" */ = {
			isa = XCConfigurationList;
			buildConfigurations = (
				837B44E914126CA00006B498 /* Debug */,
				837B44EA14126CA00006B498 /* Release */,
			);
			defaultConfigurationIsVisible = 0;
			defaultConfigurationName = Release;
		};
		837B44EB14126CA00006B498 /* Build configuration list for PBXNativeTarget "myiPhone" */ = {
			isa = XCConfigurationList;
			buildConfigurations = (
				837B44EC14126CA00006B498 /* Debug */,
				837B44ED14126CA00006B498 /* Release */,
			);
			defaultConfigurationIsVisible = 0;
			defaultConfigurationName = Release;
		};
/* End XCConfigurationList section */
	};
	rootObject = 837B44C714126CA00006B498 /* Project object */;
}
