// !$*UTF8*$!
{
	archiveVersion = 1;
	classes = {
	};
	objectVersion = 46;
	objects = {

/* Begin PBXBuildFile section */
		838343A714214D400089520F /* SystemConfiguration.framework in Frameworks */ = {isa = PBXBuildFile; fileRef = 838343A614214D400089520F /* SystemConfiguration.framework */; };
		838343AB14214DFE0089520F /* Reachability.m in Sources */ = {isa = PBXBuildFile; fileRef = 838343AA14214DFE0089520F /* Reachability.m */; };
		838343AD142155050089520F /* MediaPlayer.framework in Frameworks */ = {isa = PBXBuildFile; fileRef = 838343AC142155050089520F /* MediaPlayer.framework */; };
		838343B714218D240089520F /* MessageUI.framework in Frameworks */ = {isa = PBXBuildFile; fileRef = 838343B614218D240089520F /* MessageUI.framework */; };
		838343B914219D900089520F /* CoreLocation.framework in Frameworks */ = {isa = PBXBuildFile; fileRef = 838343B814219D900089520F /* CoreLocation.framework */; };
		838B0E91141FAE1300F016FC /* UIKit.framework in Frameworks */ = {isa = PBXBuildFile; fileRef = 838B0E90141FAE1300F016FC /* UIKit.framework */; };
		838B0E93141FAE1300F016FC /* Foundation.framework in Frameworks */ = {isa = PBXBuildFile; fileRef = 838B0E92141FAE1300F016FC /* Foundation.framework */; };
		838B0E95141FAE1300F016FC /* CoreGraphics.framework in Frameworks */ = {isa = PBXBuildFile; fileRef = 838B0E94141FAE1300F016FC /* CoreGraphics.framework */; };
		838B0E9B141FAE1300F016FC /* InfoPlist.strings in Resources */ = {isa = PBXBuildFile; fileRef = 838B0E99141FAE1300F016FC /* InfoPlist.strings */; };
		838B0E9E141FAE1300F016FC /* main.m in Sources */ = {isa = PBXBuildFile; fileRef = 838B0E9D141FAE1300F016FC /* main.m */; };
		838B0EA1141FAE1300F016FC /* myHybridWebAppDelegate.m in Sources */ = {isa = PBXBuildFile; fileRef = 838B0EA0141FAE1300F016FC /* myHybridWebAppDelegate.m */; };
		838B0EA4141FAE1300F016FC /* MainWindow.xib in Resources */ = {isa = PBXBuildFile; fileRef = 838B0EA2141FAE1300F016FC /* MainWindow.xib */; };
/* End PBXBuildFile section */

/* Begin PBXFileReference section */
		838343A614214D400089520F /* SystemConfiguration.framework */ = {isa = PBXFileReference; lastKnownFileType = wrapper.framework; name = SystemConfiguration.framework; path = System/Library/Frameworks/SystemConfiguration.framework; sourceTree = SDKROOT; };
		838343A914214DFE0089520F /* Reachability.h */ = {isa = PBXFileReference; fileEncoding = 4; lastKnownFileType = sourcecode.c.h; path = Reachability.h; sourceTree = "<group>"; };
		838343AA14214DFE0089520F /* Reachability.m */ = {isa = PBXFileReference; fileEncoding = 4; lastKnownFileType = sourcecode.c.objc; path = Reachability.m; sourceTree = "<group>"; };
		838343AC142155050089520F /* MediaPlayer.framework */ = {isa = PBXFileReference; lastKnownFileType = wrapper.framework; name = MediaPlayer.framework; path = System/Library/Frameworks/MediaPlayer.framework; sourceTree = SDKROOT; };
		838343B614218D240089520F /* MessageUI.framework */ = {isa = PBXFileReference; lastKnownFileType = wrapper.framework; name = MessageUI.framework; path = System/Library/Frameworks/MessageUI.framework; sourceTree = SDKROOT; };
		838343B814219D900089520F /* CoreLocation.framework */ = {isa = PBXFileReference; lastKnownFileType = wrapper.framework; name = CoreLocation.framework; path = System/Library/Frameworks/CoreLocation.framework; sourceTree = SDKROOT; };
		838B0E8C141FAE1300F016FC /* myHybridWeb.app */ = {isa = PBXFileReference; explicitFileType = wrapper.application; includeInIndex = 0; path = myHybridWeb.app; sourceTree = BUILT_PRODUCTS_DIR; };
		838B0E90141FAE1300F016FC /* UIKit.framework */ = {isa = PBXFileReference; lastKnownFileType = wrapper.framework; name = UIKit.framework; path = System/Library/Frameworks/UIKit.framework; sourceTree = SDKROOT; };
		838B0E92141FAE1300F016FC /* Foundation.framework */ = {isa = PBXFileReference; lastKnownFileType = wrapper.framework; name = Foundation.framework; path = System/Library/Frameworks/Foundation.framework; sourceTree = SDKROOT; };
		838B0E94141FAE1300F016FC /* CoreGraphics.framework */ = {isa = PBXFileReference; lastKnownFileType = wrapper.framework; name = CoreGraphics.framework; path = System/Library/Frameworks/CoreGraphics.framework; sourceTree = SDKROOT; };
		838B0E98141FAE1300F016FC /* myHybridWeb-Info.plist */ = {isa = PBXFileReference; lastKnownFileType = text.plist.xml; path = "myHybridWeb-Info.plist"; sourceTree = "<group>"; };
		838B0E9A141FAE1300F016FC /* en */ = {isa = PBXFileReference; lastKnownFileType = text.plist.strings; name = en; path = en.lproj/InfoPlist.strings; sourceTree = "<group>"; };
		838B0E9C141FAE1300F016FC /* myHybridWeb-Prefix.pch */ = {isa = PBXFileReference; lastKnownFileType = sourcecode.c.h; path = "myHybridWeb-Prefix.pch"; sourceTree = "<group>"; };
		838B0E9D141FAE1300F016FC /* main.m */ = {isa = PBXFileReference; lastKnownFileType = sourcecode.c.objc; path = main.m; sourceTree = "<group>"; };
		838B0E9F141FAE1300F016FC /* myHybridWebAppDelegate.h */ = {isa = PBXFileReference; lastKnownFileType = sourcecode.c.h; path = myHybridWebAppDelegate.h; sourceTree = "<group>"; };
		838B0EA0141FAE1300F016FC /* myHybridWebAppDelegate.m */ = {isa = PBXFileReference; lastKnownFileType = sourcecode.c.objc; path = myHybridWebAppDelegate.m; sourceTree = "<group>"; };
		838B0EA3141FAE1300F016FC /* en */ = {isa = PBXFileReference; lastKnownFileType = file.xib; name = en; path = en.lproj/MainWindow.xib; sourceTree = "<group>"; };
/* End PBXFileReference section */

/* Begin PBXFrameworksBuildPhase section */
		838B0E89141FAE1300F016FC /* Frameworks */ = {
			isa = PBXFrameworksBuildPhase;
			buildActionMask = 2147483647;
			files = (
				838343B914219D900089520F /* CoreLocation.framework in Frameworks */,
				838343B714218D240089520F /* MessageUI.framework in Frameworks */,
				838343AD142155050089520F /* MediaPlayer.framework in Frameworks */,
				838343A714214D400089520F /* SystemConfiguration.framework in Frameworks */,
				838B0E91141FAE1300F016FC /* UIKit.framework in Frameworks */,
				838B0E93141FAE1300F016FC /* Foundation.framework in Frameworks */,
				838B0E95141FAE1300F016FC /* CoreGraphics.framework in Frameworks */,
			);
			runOnlyForDeploymentPostprocessing = 0;
		};
/* End PBXFrameworksBuildPhase section */

/* Begin PBXGroup section */
		838B0E81141FAE1300F016FC = {
			isa = PBXGroup;
			children = (
				838B0E96141FAE1300F016FC /* myHybridWeb */,
				838B0E8F141FAE1300F016FC /* Frameworks */,
				838B0E8D141FAE1300F016FC /* Products */,
			);
			sourceTree = "<group>";
		};
		838B0E8D141FAE1300F016FC /* Products */ = {
			isa = PBXGroup;
			children = (
				838B0E8C141FAE1300F016FC /* myHybridWeb.app */,
			);
			name = Products;
			sourceTree = "<group>";
		};
		838B0E8F141FAE1300F016FC /* Frameworks */ = {
			isa = PBXGroup;
			children = (
				838343B814219D900089520F /* CoreLocation.framework */,
				838343B614218D240089520F /* MessageUI.framework */,
				838343AC142155050089520F /* MediaPlayer.framework */,
				838343A614214D400089520F /* SystemConfiguration.framework */,
				838B0E90141FAE1300F016FC /* UIKit.framework */,
				838B0E92141FAE1300F016FC /* Foundation.framework */,
				838B0E94141FAE1300F016FC /* CoreGraphics.framework */,
			);
			name = Frameworks;
			sourceTree = "<group>";
		};
		838B0E96141FAE1300F016FC /* myHybridWeb */ = {
			isa = PBXGroup;
			children = (
				838343A914214DFE0089520F /* Reachability.h */,
				838343AA14214DFE0089520F /* Reachability.m */,
				838B0E9F141FAE1300F016FC /* myHybridWebAppDelegate.h */,
				838B0EA0141FAE1300F016FC /* myHybridWebAppDelegate.m */,
				838B0EA2141FAE1300F016FC /* MainWindow.xib */,
				838B0E97141FAE1300F016FC /* Supporting Files */,
			);
			path = myHybridWeb;
			sourceTree = "<group>";
		};
		838B0E97141FAE1300F016FC /* Supporting Files */ = {
			isa = PBXGroup;
			children = (
				838B0E98141FAE1300F016FC /* myHybridWeb-Info.plist */,
				838B0E99141FAE1300F016FC /* InfoPlist.strings */,
				838B0E9C141FAE1300F016FC /* myHybridWeb-Prefix.pch */,
				838B0E9D141FAE1300F016FC /* main.m */,
			);
			name = "Supporting Files";
			sourceTree = "<group>";
		};
/* End PBXGroup section */

/* Begin PBXNativeTarget section */
		838B0E8B141FAE1300F016FC /* myHybridWeb */ = {
			isa = PBXNativeTarget;
			buildConfigurationList = 838B0EA7141FAE1300F016FC /* Build configuration list for PBXNativeTarget "myHybridWeb" */;
			buildPhases = (
				838B0E88141FAE1300F016FC /* Sources */,
				838B0E89141FAE1300F016FC /* Frameworks */,
				838B0E8A141FAE1300F016FC /* Resources */,
			);
			buildRules = (
			);
			dependencies = (
			);
			name = myHybridWeb;
			productName = myHybridWeb;
			productReference = 838B0E8C141FAE1300F016FC /* myHybridWeb.app */;
			productType = "com.apple.product-type.application";
		};
/* End PBXNativeTarget section */

/* Begin PBXProject section */
		838B0E83141FAE1300F016FC /* Project object */ = {
			isa = PBXProject;
			attributes = {
				ORGANIZATIONNAME = IBKSYSTEM;
			};
			buildConfigurationList = 838B0E86141FAE1300F016FC /* Build configuration list for PBXProject "myHybridWeb" */;
			compatibilityVersion = "Xcode 3.2";
			developmentRegion = English;
			hasScannedForEncodings = 0;
			knownRegions = (
				en,
			);
			mainGroup = 838B0E81141FAE1300F016FC;
			productRefGroup = 838B0E8D141FAE1300F016FC /* Products */;
			projectDirPath = "";
			projectRoot = "";
			targets = (
				838B0E8B141FAE1300F016FC /* myHybridWeb */,
			);
		};
/* End PBXProject section */

/* Begin PBXResourcesBuildPhase section */
		838B0E8A141FAE1300F016FC /* Resources */ = {
			isa = PBXResourcesBuildPhase;
			buildActionMask = 2147483647;
			files = (
				838B0E9B141FAE1300F016FC /* InfoPlist.strings in Resources */,
				838B0EA4141FAE1300F016FC /* MainWindow.xib in Resources */,
			);
			runOnlyForDeploymentPostprocessing = 0;
		};
/* End PBXResourcesBuildPhase section */

/* Begin PBXSourcesBuildPhase section */
		838B0E88141FAE1300F016FC /* Sources */ = {
			isa = PBXSourcesBuildPhase;
			buildActionMask = 2147483647;
			files = (
				838B0E9E141FAE1300F016FC /* main.m in Sources */,
				838B0EA1141FAE1300F016FC /* myHybridWebAppDelegate.m in Sources */,
				838343AB14214DFE0089520F /* Reachability.m in Sources */,
			);
			runOnlyForDeploymentPostprocessing = 0;
		};
/* End PBXSourcesBuildPhase section */

/* Begin PBXVariantGroup section */
		838B0E99141FAE1300F016FC /* InfoPlist.strings */ = {
			isa = PBXVariantGroup;
			children = (
				838B0E9A141FAE1300F016FC /* en */,
			);
			name = InfoPlist.strings;
			sourceTree = "<group>";
		};
		838B0EA2141FAE1300F016FC /* MainWindow.xib */ = {
			isa = PBXVariantGroup;
			children = (
				838B0EA3141FAE1300F016FC /* en */,
			);
			name = MainWindow.xib;
			sourceTree = "<group>";
		};
/* End PBXVariantGroup section */

/* Begin XCBuildConfiguration section */
		838B0EA5141FAE1300F016FC /* Debug */ = {
			isa = XCBuildConfiguration;
			buildSettings = {
				ARCHS = "$(ARCHS_STANDARD_32_BIT)";
				"CODE_SIGN_IDENTITY[sdk=iphoneos*]" = "iPhone Developer";
				GCC_C_LANGUAGE_STANDARD = gnu99;
				GCC_OPTIMIZATION_LEVEL = 0;
				GCC_PREPROCESSOR_DEFINITIONS = DEBUG;
				GCC_SYMBOLS_PRIVATE_EXTERN = NO;
				GCC_VERSION = com.apple.compilers.llvmgcc42;
				GCC_WARN_ABOUT_RETURN_TYPE = YES;
				GCC_WARN_UNUSED_VARIABLE = YES;
				IPHONEOS_DEPLOYMENT_TARGET = 4.3;
				SDKROOT = iphoneos;
			};
			name = Debug;
		};
		838B0EA6141FAE1300F016FC /* Release */ = {
			isa = XCBuildConfiguration;
			buildSettings = {
				ARCHS = "$(ARCHS_STANDARD_32_BIT)";
				"CODE_SIGN_IDENTITY[sdk=iphoneos*]" = "iPhone Developer";
				GCC_C_LANGUAGE_STANDARD = gnu99;
				GCC_VERSION = com.apple.compilers.llvmgcc42;
				GCC_WARN_ABOUT_RETURN_TYPE = YES;
				GCC_WARN_UNUSED_VARIABLE = YES;
				IPHONEOS_DEPLOYMENT_TARGET = 4.3;
				OTHER_CFLAGS = "-DNS_BLOCK_ASSERTIONS=1";
				SDKROOT = iphoneos;
			};
			name = Release;
		};
		838B0EA8141FAE1300F016FC /* Debug */ = {
			isa = XCBuildConfiguration;
			buildSettings = {
				ALWAYS_SEARCH_USER_PATHS = NO;
				COPY_PHASE_STRIP = NO;
				GCC_DYNAMIC_NO_PIC = NO;
				GCC_PRECOMPILE_PREFIX_HEADER = YES;
				GCC_PREFIX_HEADER = "myHybridWeb/myHybridWeb-Prefix.pch";
				INFOPLIST_FILE = "myHybridWeb/myHybridWeb-Info.plist";
				IPHONEOS_DEPLOYMENT_TARGET = 4.2;
				PRODUCT_NAME = "$(TARGET_NAME)";
				WRAPPER_EXTENSION = app;
			};
			name = Debug;
		};
		838B0EA9141FAE1300F016FC /* Release */ = {
			isa = XCBuildConfiguration;
			buildSettings = {
				ALWAYS_SEARCH_USER_PATHS = NO;
				COPY_PHASE_STRIP = YES;
				GCC_PRECOMPILE_PREFIX_HEADER = YES;
				GCC_PREFIX_HEADER = "myHybridWeb/myHybridWeb-Prefix.pch";
				INFOPLIST_FILE = "myHybridWeb/myHybridWeb-Info.plist";
				IPHONEOS_DEPLOYMENT_TARGET = 4.2;
				PRODUCT_NAME = "$(TARGET_NAME)";
				VALIDATE_PRODUCT = YES;
				WRAPPER_EXTENSION = app;
			};
			name = Release;
		};
/* End XCBuildConfiguration section */

/* Begin XCConfigurationList section */
		838B0E86141FAE1300F016FC /* Build configuration list for PBXProject "myHybridWeb" */ = {
			isa = XCConfigurationList;
			buildConfigurations = (
				838B0EA5141FAE1300F016FC /* Debug */,
				838B0EA6141FAE1300F016FC /* Release */,
			);
			defaultConfigurationIsVisible = 0;
			defaultConfigurationName = Release;
		};
		838B0EA7141FAE1300F016FC /* Build configuration list for PBXNativeTarget "myHybridWeb" */ = {
			isa = XCConfigurationList;
			buildConfigurations = (
				838B0EA8141FAE1300F016FC /* Debug */,
				838B0EA9141FAE1300F016FC /* Release */,
			);
			defaultConfigurationIsVisible = 0;
			defaultConfigurationName = Release;
		};
/* End XCConfigurationList section */
	};
	rootObject = 838B0E83141FAE1300F016FC /* Project object */;
}
