// !$*UTF8*$!
{
	archiveVersion = 1;
	classes = {
	};
	objectVersion = 46;
	objects = {

/* Begin PBXBuildFile section */
		83C769EA141C27D000472102 /* UIKit.framework in Frameworks */ = {isa = PBXBuildFile; fileRef = 83C769E9141C27D000472102 /* UIKit.framework */; };
		83C769EC141C27D000472102 /* Foundation.framework in Frameworks */ = {isa = PBXBuildFile; fileRef = 83C769EB141C27D000472102 /* Foundation.framework */; };
		83C769EE141C27D000472102 /* CoreGraphics.framework in Frameworks */ = {isa = PBXBuildFile; fileRef = 83C769ED141C27D000472102 /* CoreGraphics.framework */; };
		83C769F4141C27D000472102 /* InfoPlist.strings in Resources */ = {isa = PBXBuildFile; fileRef = 83C769F2141C27D000472102 /* InfoPlist.strings */; };
		83C769F7141C27D000472102 /* main.m in Sources */ = {isa = PBXBuildFile; fileRef = 83C769F6141C27D000472102 /* main.m */; };
		83C769FA141C27D000472102 /* myHelloWorldAppDelegate.m in Sources */ = {isa = PBXBuildFile; fileRef = 83C769F9141C27D000472102 /* myHelloWorldAppDelegate.m */; };
		83C769FD141C27D000472102 /* MainWindow.xib in Resources */ = {isa = PBXBuildFile; fileRef = 83C769FB141C27D000472102 /* MainWindow.xib */; };
		83C76A00141C27D100472102 /* myHelloWorldViewController.m in Sources */ = {isa = PBXBuildFile; fileRef = 83C769FF141C27D100472102 /* myHelloWorldViewController.m */; };
		83C76A03141C27D100472102 /* myHelloWorldViewController.xib in Resources */ = {isa = PBXBuildFile; fileRef = 83C76A01141C27D100472102 /* myHelloWorldViewController.xib */; };
/* End PBXBuildFile section */

/* Begin PBXFileReference section */
		83C769E5141C27D000472102 /* myHelloWorld.app */ = {isa = PBXFileReference; explicitFileType = wrapper.application; includeInIndex = 0; path = myHelloWorld.app; sourceTree = BUILT_PRODUCTS_DIR; };
		83C769E9141C27D000472102 /* UIKit.framework */ = {isa = PBXFileReference; lastKnownFileType = wrapper.framework; name = UIKit.framework; path = System/Library/Frameworks/UIKit.framework; sourceTree = SDKROOT; };
		83C769EB141C27D000472102 /* Foundation.framework */ = {isa = PBXFileReference; lastKnownFileType = wrapper.framework; name = Foundation.framework; path = System/Library/Frameworks/Foundation.framework; sourceTree = SDKROOT; };
		83C769ED141C27D000472102 /* CoreGraphics.framework */ = {isa = PBXFileReference; lastKnownFileType = wrapper.framework; name = CoreGraphics.framework; path = System/Library/Frameworks/CoreGraphics.framework; sourceTree = SDKROOT; };
		83C769F1141C27D000472102 /* myHelloWorld-Info.plist */ = {isa = PBXFileReference; lastKnownFileType = text.plist.xml; path = "myHelloWorld-Info.plist"; sourceTree = "<group>"; };
		83C769F3141C27D000472102 /* en */ = {isa = PBXFileReference; lastKnownFileType = text.plist.strings; name = en; path = en.lproj/InfoPlist.strings; sourceTree = "<group>"; };
		83C769F5141C27D000472102 /* myHelloWorld-Prefix.pch */ = {isa = PBXFileReference; lastKnownFileType = sourcecode.c.h; path = "myHelloWorld-Prefix.pch"; sourceTree = "<group>"; };
		83C769F6141C27D000472102 /* main.m */ = {isa = PBXFileReference; lastKnownFileType = sourcecode.c.objc; path = main.m; sourceTree = "<group>"; };
		83C769F8141C27D000472102 /* myHelloWorldAppDelegate.h */ = {isa = PBXFileReference; lastKnownFileType = sourcecode.c.h; path = myHelloWorldAppDelegate.h; sourceTree = "<group>"; };
		83C769F9141C27D000472102 /* myHelloWorldAppDelegate.m */ = {isa = PBXFileReference; lastKnownFileType = sourcecode.c.objc; path = myHelloWorldAppDelegate.m; sourceTree = "<group>"; };
		83C769FC141C27D000472102 /* en */ = {isa = PBXFileReference; lastKnownFileType = file.xib; name = en; path = en.lproj/MainWindow.xib; sourceTree = "<group>"; };
		83C769FE141C27D000472102 /* myHelloWorldViewController.h */ = {isa = PBXFileReference; lastKnownFileType = sourcecode.c.h; path = myHelloWorldViewController.h; sourceTree = "<group>"; };
		83C769FF141C27D100472102 /* myHelloWorldViewController.m */ = {isa = PBXFileReference; lastKnownFileType = sourcecode.c.objc; path = myHelloWorldViewController.m; sourceTree = "<group>"; };
		83C76A02141C27D100472102 /* en */ = {isa = PBXFileReference; lastKnownFileType = file.xib; name = en; path = en.lproj/myHelloWorldViewController.xib; sourceTree = "<group>"; };
/* End PBXFileReference section */

/* Begin PBXFrameworksBuildPhase section */
		83C769E2141C27D000472102 /* Frameworks */ = {
			isa = PBXFrameworksBuildPhase;
			buildActionMask = 2147483647;
			files = (
				83C769EA141C27D000472102 /* UIKit.framework in Frameworks */,
				83C769EC141C27D000472102 /* Foundation.framework in Frameworks */,
				83C769EE141C27D000472102 /* CoreGraphics.framework in Frameworks */,
			);
			runOnlyForDeploymentPostprocessing = 0;
		};
/* End PBXFrameworksBuildPhase section */

/* Begin PBXGroup section */
		83C769DA141C27D000472102 = {
			isa = PBXGroup;
			children = (
				83C769EF141C27D000472102 /* myHelloWorld */,
				83C769E8141C27D000472102 /* Frameworks */,
				83C769E6141C27D000472102 /* Products */,
			);
			sourceTree = "<group>";
		};
		83C769E6141C27D000472102 /* Products */ = {
			isa = PBXGroup;
			children = (
				83C769E5141C27D000472102 /* myHelloWorld.app */,
			);
			name = Products;
			sourceTree = "<group>";
		};
		83C769E8141C27D000472102 /* Frameworks */ = {
			isa = PBXGroup;
			children = (
				83C769E9141C27D000472102 /* UIKit.framework */,
				83C769EB141C27D000472102 /* Foundation.framework */,
				83C769ED141C27D000472102 /* CoreGraphics.framework */,
			);
			name = Frameworks;
			sourceTree = "<group>";
		};
		83C769EF141C27D000472102 /* myHelloWorld */ = {
			isa = PBXGroup;
			children = (
				83C769F8141C27D000472102 /* myHelloWorldAppDelegate.h */,
				83C769F9141C27D000472102 /* myHelloWorldAppDelegate.m */,
				83C769FB141C27D000472102 /* MainWindow.xib */,
				83C769FE141C27D000472102 /* myHelloWorldViewController.h */,
				83C769FF141C27D100472102 /* myHelloWorldViewController.m */,
				83C76A01141C27D100472102 /* myHelloWorldViewController.xib */,
				83C769F0141C27D000472102 /* Supporting Files */,
			);
			path = myHelloWorld;
			sourceTree = "<group>";
		};
		83C769F0141C27D000472102 /* Supporting Files */ = {
			isa = PBXGroup;
			children = (
				83C769F1141C27D000472102 /* myHelloWorld-Info.plist */,
				83C769F2141C27D000472102 /* InfoPlist.strings */,
				83C769F5141C27D000472102 /* myHelloWorld-Prefix.pch */,
				83C769F6141C27D000472102 /* main.m */,
			);
			name = "Supporting Files";
			sourceTree = "<group>";
		};
/* End PBXGroup section */

/* Begin PBXNativeTarget section */
		83C769E4141C27D000472102 /* myHelloWorld */ = {
			isa = PBXNativeTarget;
			buildConfigurationList = 83C76A06141C27D100472102 /* Build configuration list for PBXNativeTarget "myHelloWorld" */;
			buildPhases = (
				83C769E1141C27D000472102 /* Sources */,
				83C769E2141C27D000472102 /* Frameworks */,
				83C769E3141C27D000472102 /* Resources */,
			);
			buildRules = (
			);
			dependencies = (
			);
			name = myHelloWorld;
			productName = myHelloWorld;
			productReference = 83C769E5141C27D000472102 /* myHelloWorld.app */;
			productType = "com.apple.product-type.application";
		};
/* End PBXNativeTarget section */

/* Begin PBXProject section */
		83C769DC141C27D000472102 /* Project object */ = {
			isa = PBXProject;
			attributes = {
				ORGANIZATIONNAME = IBKSYSTEM;
			};
			buildConfigurationList = 83C769DF141C27D000472102 /* Build configuration list for PBXProject "myHelloWorld" */;
			compatibilityVersion = "Xcode 3.2";
			developmentRegion = English;
			hasScannedForEncodings = 0;
			knownRegions = (
				en,
			);
			mainGroup = 83C769DA141C27D000472102;
			productRefGroup = 83C769E6141C27D000472102 /* Products */;
			projectDirPath = "";
			projectRoot = "";
			targets = (
				83C769E4141C27D000472102 /* myHelloWorld */,
			);
		};
/* End PBXProject section */

/* Begin PBXResourcesBuildPhase section */
		83C769E3141C27D000472102 /* Resources */ = {
			isa = PBXResourcesBuildPhase;
			buildActionMask = 2147483647;
			files = (
				83C769F4141C27D000472102 /* InfoPlist.strings in Resources */,
				83C769FD141C27D000472102 /* MainWindow.xib in Resources */,
				83C76A03141C27D100472102 /* myHelloWorldViewController.xib in Resources */,
			);
			runOnlyForDeploymentPostprocessing = 0;
		};
/* End PBXResourcesBuildPhase section */

/* Begin PBXSourcesBuildPhase section */
		83C769E1141C27D000472102 /* Sources */ = {
			isa = PBXSourcesBuildPhase;
			buildActionMask = 2147483647;
			files = (
				83C769F7141C27D000472102 /* main.m in Sources */,
				83C769FA141C27D000472102 /* myHelloWorldAppDelegate.m in Sources */,
				83C76A00141C27D100472102 /* myHelloWorldViewController.m in Sources */,
			);
			runOnlyForDeploymentPostprocessing = 0;
		};
/* End PBXSourcesBuildPhase section */

/* Begin PBXVariantGroup section */
		83C769F2141C27D000472102 /* InfoPlist.strings */ = {
			isa = PBXVariantGroup;
			children = (
				83C769F3141C27D000472102 /* en */,
			);
			name = InfoPlist.strings;
			sourceTree = "<group>";
		};
		83C769FB141C27D000472102 /* MainWindow.xib */ = {
			isa = PBXVariantGroup;
			children = (
				83C769FC141C27D000472102 /* en */,
			);
			name = MainWindow.xib;
			sourceTree = "<group>";
		};
		83C76A01141C27D100472102 /* myHelloWorldViewController.xib */ = {
			isa = PBXVariantGroup;
			children = (
				83C76A02141C27D100472102 /* en */,
			);
			name = myHelloWorldViewController.xib;
			sourceTree = "<group>";
		};
/* End PBXVariantGroup section */

/* Begin XCBuildConfiguration section */
		83C76A04141C27D100472102 /* Debug */ = {
			isa = XCBuildConfiguration;
			buildSettings = {
				ARCHS = "$(ARCHS_STANDARD_32_BIT)";
				"CODE_SIGN_IDENTITY[sdk=iphoneos*]" = "iPhone Developer";
				GCC_C_LANGUAGE_STANDARD = gnu99;
				GCC_OPTIMIZATION_LEVEL = 0;
				GCC_PREPROCESSOR_DEFINITIONS = DEBUG;
				GCC_SYMBOLS_PRIVATE_EXTERN = NO;
				GCC_VERSION = com.apple.compilers.llvmgcc42;
				GCC_WARN_ABOUT_RETURN_TYPE = YES;
				GCC_WARN_UNUSED_VARIABLE = YES;
				IPHONEOS_DEPLOYMENT_TARGET = 4.3;
				SDKROOT = iphoneos;
			};
			name = Debug;
		};
		83C76A05141C27D100472102 /* Release */ = {
			isa = XCBuildConfiguration;
			buildSettings = {
				ARCHS = "$(ARCHS_STANDARD_32_BIT)";
				"CODE_SIGN_IDENTITY[sdk=iphoneos*]" = "iPhone Developer";
				GCC_C_LANGUAGE_STANDARD = gnu99;
				GCC_VERSION = com.apple.compilers.llvmgcc42;
				GCC_WARN_ABOUT_RETURN_TYPE = YES;
				GCC_WARN_UNUSED_VARIABLE = YES;
				IPHONEOS_DEPLOYMENT_TARGET = 4.3;
				OTHER_CFLAGS = "-DNS_BLOCK_ASSERTIONS=1";
				SDKROOT = iphoneos;
			};
			name = Release;
		};
		83C76A07141C27D100472102 /* Debug */ = {
			isa = XCBuildConfiguration;
			buildSettings = {
				ALWAYS_SEARCH_USER_PATHS = NO;
				COPY_PHASE_STRIP = NO;
				GCC_DYNAMIC_NO_PIC = NO;
				GCC_PRECOMPILE_PREFIX_HEADER = YES;
				GCC_PREFIX_HEADER = "myHelloWorld/myHelloWorld-Prefix.pch";
				INFOPLIST_FILE = "myHelloWorld/myHelloWorld-Info.plist";
				PRODUCT_NAME = "$(TARGET_NAME)";
				WRAPPER_EXTENSION = app;
			};
			name = Debug;
		};
		83C76A08141C27D100472102 /* Release */ = {
			isa = XCBuildConfiguration;
			buildSettings = {
				ALWAYS_SEARCH_USER_PATHS = NO;
				COPY_PHASE_STRIP = YES;
				GCC_PRECOMPILE_PREFIX_HEADER = YES;
				GCC_PREFIX_HEADER = "myHelloWorld/myHelloWorld-Prefix.pch";
				INFOPLIST_FILE = "myHelloWorld/myHelloWorld-Info.plist";
				PRODUCT_NAME = "$(TARGET_NAME)";
				VALIDATE_PRODUCT = YES;
				WRAPPER_EXTENSION = app;
			};
			name = Release;
		};
/* End XCBuildConfiguration section */

/* Begin XCConfigurationList section */
		83C769DF141C27D000472102 /* Build configuration list for PBXProject "myHelloWorld" */ = {
			isa = XCConfigurationList;
			buildConfigurations = (
				83C76A04141C27D100472102 /* Debug */,
				83C76A05141C27D100472102 /* Release */,
			);
			defaultConfigurationIsVisible = 0;
			defaultConfigurationName = Release;
		};
		83C76A06141C27D100472102 /* Build configuration list for PBXNativeTarget "myHelloWorld" */ = {
			isa = XCConfigurationList;
			buildConfigurations = (
				83C76A07141C27D100472102 /* Debug */,
				83C76A08141C27D100472102 /* Release */,
			);
			defaultConfigurationIsVisible = 0;
		};
/* End XCConfigurationList section */
	};
	rootObject = 83C769DC141C27D000472102 /* Project object */;
}
